// !$*UTF8*$!
{
	archiveVersion = 1;
	classes = {
	};
	objectVersion = 77;
	objects = {

/* Begin PBXContainerItemProxy section */
		D7383D392D697AE600C6AD47 /* PBXContainerItemProxy */ = {
			isa = PBXContainerItemProxy;
			containerPortal = D7383D1B2D697AE400C6AD47 /* Project object */;
			proxyType = 1;
			remoteGlobalIDString = D7383D222D697AE400C6AD47;
			remoteInfo = BoilerMatch;
		};
		D7383D432D697AE600C6AD47 /* PBXContainerItemProxy */ = {
			isa = PBXContainerItemProxy;
			containerPortal = D7383D1B2D697AE400C6AD47 /* Project object */;
			proxyType = 1;
			remoteGlobalIDString = D7383D222D697AE400C6AD47;
			remoteInfo = BoilerMatch;
		};
/* End PBXContainerItemProxy section */

/* Begin PBXFileReference section */
		D7383D232D697AE400C6AD47 /* BoilerMatch.app */ = {isa = PBXFileReference; explicitFileType = wrapper.application; includeInIndex = 0; path = BoilerMatch.app; sourceTree = BUILT_PRODUCTS_DIR; };
		D7383D382D697AE600C6AD47 /* BoilerMatchTests.xctest */ = {isa = PBXFileReference; explicitFileType = wrapper.cfbundle; includeInIndex = 0; path = BoilerMatchTests.xctest; sourceTree = BUILT_PRODUCTS_DIR; };
		D7383D422D697AE600C6AD47 /* BoilerMatchUITests.xctest */ = {isa = PBXFileReference; explicitFileType = wrapper.cfbundle; includeInIndex = 0; path = BoilerMatchUITests.xctest; sourceTree = BUILT_PRODUCTS_DIR; };
/* End PBXFileReference section */

/* Begin PBXFileSystemSynchronizedRootGroup section */
		D7383D252D697AE400C6AD47 /* BoilerMatch */ = {
			isa = PBXFileSystemSynchronizedRootGroup;
			path = BoilerMatch;
			sourceTree = "<group>";
		};
		D7383D3B2D697AE600C6AD47 /* BoilerMatchTests */ = {
			isa = PBXFileSystemSynchronizedRootGroup;
			path = BoilerMatchTests;
			sourceTree = "<group>";
		};
		D7383D452D697AE600C6AD47 /* BoilerMatchUITests */ = {
			isa = PBXFileSystemSynchronizedRootGroup;
			path = BoilerMatchUITests;
			sourceTree = "<group>";
		};
/* End PBXFileSystemSynchronizedRootGroup section */

/* Begin PBXFrameworksBuildPhase section */
		D7383D202D697AE400C6AD47 /* Frameworks */ = {
			isa = PBXFrameworksBuildPhase;
			buildActionMask = 2147483647;
			files = (
			);
			runOnlyForDeploymentPostprocessing = 0;
		};
		D7383D352D697AE600C6AD47 /* Frameworks */ = {
			isa = PBXFrameworksBuildPhase;
			buildActionMask = 2147483647;
			files = (
			);
			runOnlyForDeploymentPostprocessing = 0;
		};
		D7383D3F2D697AE600C6AD47 /* Frameworks */ = {
			isa = PBXFrameworksBuildPhase;
			buildActionMask = 2147483647;
			files = (
			);
			runOnlyForDeploymentPostprocessing = 0;
		};
/* End PBXFrameworksBuildPhase section */

/* Begin PBXGroup section */
		D7383D1A2D697AE400C6AD47 = {
			isa = PBXGroup;
			children = (
				D7383D252D697AE400C6AD47 /* BoilerMatch */,
				D7383D3B2D697AE600C6AD47 /* BoilerMatchTests */,
				D7383D452D697AE600C6AD47 /* BoilerMatchUITests */,
				D7383D242D697AE400C6AD47 /* Products */,
			);
			sourceTree = "<group>";
		};
		D7383D242D697AE400C6AD47 /* Products */ = {
			isa = PBXGroup;
			children = (
				D7383D232D697AE400C6AD47 /* BoilerMatch.app */,
				D7383D382D697AE600C6AD47 /* BoilerMatchTests.xctest */,
				D7383D422D697AE600C6AD47 /* BoilerMatchUITests.xctest */,
			);
			name = Products;
			sourceTree = "<group>";
		};
/* End PBXGroup section */

/* Begin PBXNativeTarget section */
		D7383D222D697AE400C6AD47 /* BoilerMatch */ = {
			isa = PBXNativeTarget;
			buildConfigurationList = D7383D4C2D697AE600C6AD47 /* Build configuration list for PBXNativeTarget "BoilerMatch" */;
			buildPhases = (
				D7383D1F2D697AE400C6AD47 /* Sources */,
				D7383D202D697AE400C6AD47 /* Frameworks */,
				D7383D212D697AE400C6AD47 /* Resources */,
			);
			buildRules = (
			);
			dependencies = (
			);
			fileSystemSynchronizedGroups = (
				D7383D252D697AE400C6AD47 /* BoilerMatch */,
			);
			name = BoilerMatch;
			packageProductDependencies = (
			);
			productName = BoilerMatch;
			productReference = D7383D232D697AE400C6AD47 /* BoilerMatch.app */;
			productType = "com.apple.product-type.application";
		};
		D7383D372D697AE600C6AD47 /* BoilerMatchTests */ = {
			isa = PBXNativeTarget;
			buildConfigurationList = D7383D4F2D697AE600C6AD47 /* Build configuration list for PBXNativeTarget "BoilerMatchTests" */;
			buildPhases = (
				D7383D342D697AE600C6AD47 /* Sources */,
				D7383D352D697AE600C6AD47 /* Frameworks */,
				D7383D362D697AE600C6AD47 /* Resources */,
			);
			buildRules = (
			);
			dependencies = (
				D7383D3A2D697AE600C6AD47 /* PBXTargetDependency */,
			);
			fileSystemSynchronizedGroups = (
				D7383D3B2D697AE600C6AD47 /* BoilerMatchTests */,
			);
			name = BoilerMatchTests;
			packageProductDependencies = (
			);
			productName = BoilerMatchTests;
			productReference = D7383D382D697AE600C6AD47 /* BoilerMatchTests.xctest */;
			productType = "com.apple.product-type.bundle.unit-test";
		};
		D7383D412D697AE600C6AD47 /* BoilerMatchUITests */ = {
			isa = PBXNativeTarget;
			buildConfigurationList = D7383D522D697AE600C6AD47 /* Build configuration list for PBXNativeTarget "BoilerMatchUITests" */;
			buildPhases = (
				D7383D3E2D697AE600C6AD47 /* Sources */,
				D7383D3F2D697AE600C6AD47 /* Frameworks */,
				D7383D402D697AE600C6AD47 /* Resources */,
			);
			buildRules = (
			);
			dependencies = (
				D7383D442D697AE600C6AD47 /* PBXTargetDependency */,
			);
			fileSystemSynchronizedGroups = (
				D7383D452D697AE600C6AD47 /* BoilerMatchUITests */,
			);
			name = BoilerMatchUITests;
			packageProductDependencies = (
			);
			productName = BoilerMatchUITests;
			productReference = D7383D422D697AE600C6AD47 /* BoilerMatchUITests.xctest */;
			productType = "com.apple.product-type.bundle.ui-testing";
		};
/* End PBXNativeTarget section */

/* Begin PBXProject section */
		D7383D1B2D697AE400C6AD47 /* Project object */ = {
			isa = PBXProject;
			attributes = {
				BuildIndependentTargetsInParallel = 1;
				LastSwiftUpdateCheck = 1620;
				LastUpgradeCheck = 1620;
				TargetAttributes = {
					D7383D222D697AE400C6AD47 = {
						CreatedOnToolsVersion = 16.2;
					};
					D7383D372D697AE600C6AD47 = {
						CreatedOnToolsVersion = 16.2;
						TestTargetID = D7383D222D697AE400C6AD47;
					};
					D7383D412D697AE600C6AD47 = {
						CreatedOnToolsVersion = 16.2;
						TestTargetID = D7383D222D697AE400C6AD47;
					};
				};
			};
			buildConfigurationList = D7383D1E2D697AE400C6AD47 /* Build configuration list for PBXProject "BoilerMatch" */;
			developmentRegion = en;
			hasScannedForEncodings = 0;
			knownRegions = (
				en,
				Base,
			);
			mainGroup = D7383D1A2D697AE400C6AD47;
			minimizedProjectReferenceProxies = 1;
			preferredProjectObjectVersion = 77;
			productRefGroup = D7383D242D697AE400C6AD47 /* Products */;
			projectDirPath = "";
			projectRoot = "";
			targets = (
				D7383D222D697AE400C6AD47 /* BoilerMatch */,
				D7383D372D697AE600C6AD47 /* BoilerMatchTests */,
				D7383D412D697AE600C6AD47 /* BoilerMatchUITests */,
			);
		};
/* End PBXProject section */

/* Begin PBXResourcesBuildPhase section */
		D7383D212D697AE400C6AD47 /* Resources */ = {
			isa = PBXResourcesBuildPhase;
			buildActionMask = 2147483647;
			files = (
			);
			runOnlyForDeploymentPostprocessing = 0;
		};
		D7383D362D697AE600C6AD47 /* Resources */ = {
			isa = PBXResourcesBuildPhase;
			buildActionMask = 2147483647;
			files = (
			);
			runOnlyForDeploymentPostprocessing = 0;
		};
		D7383D402D697AE600C6AD47 /* Resources */ = {
			isa = PBXResourcesBuildPhase;
			buildActionMask = 2147483647;
			files = (
			);
			runOnlyForDeploymentPostprocessing = 0;
		};
/* End PBXResourcesBuildPhase section */

/* Begin PBXSourcesBuildPhase section */
		D7383D1F2D697AE400C6AD47 /* Sources */ = {
			isa = PBXSourcesBuildPhase;
			buildActionMask = 2147483647;
			files = (
			);
			runOnlyForDeploymentPostprocessing = 0;
		};
		D7383D342D697AE600C6AD47 /* Sources */ = {
			isa = PBXSourcesBuildPhase;
			buildActionMask = 2147483647;
			files = (
			);
			runOnlyForDeploymentPostprocessing = 0;
		};
		D7383D3E2D697AE600C6AD47 /* Sources */ = {
			isa = PBXSourcesBuildPhase;
			buildActionMask = 2147483647;
			files = (
			);
			runOnlyForDeploymentPostprocessing = 0;
		};
/* End PBXSourcesBuildPhase section */

/* Begin PBXTargetDependency section */
		D7383D3A2D697AE600C6AD47 /* PBXTargetDependency */ = {
			isa = PBXTargetDependency;
			target = D7383D222D697AE400C6AD47 /* BoilerMatch */;
			targetProxy = D7383D392D697AE600C6AD47 /* PBXContainerItemProxy */;
		};
		D7383D442D697AE600C6AD47 /* PBXTargetDependency */ = {
			isa = PBXTargetDependency;
			target = D7383D222D697AE400C6AD47 /* BoilerMatch */;
			targetProxy = D7383D432D697AE600C6AD47 /* PBXContainerItemProxy */;
		};
/* End PBXTargetDependency section */

/* Begin XCBuildConfiguration section */
		D7383D4A2D697AE600C6AD47 /* Debug */ = {
			isa = XCBuildConfiguration;
			buildSettings = {
				ALWAYS_SEARCH_USER_PATHS = NO;
				ASSETCATALOG_COMPILER_GENERATE_SWIFT_ASSET_SYMBOL_EXTENSIONS = YES;
				CLANG_ANALYZER_NONNULL = YES;
				CLANG_ANALYZER_NUMBER_OBJECT_CONVERSION = YES_AGGRESSIVE;
				CLANG_CXX_LANGUAGE_STANDARD = "gnu++20";
				CLANG_ENABLE_MODULES = YES;
				CLANG_ENABLE_OBJC_ARC = YES;
				CLANG_ENABLE_OBJC_WEAK = YES;
				CLANG_WARN_BLOCK_CAPTURE_AUTORELEASING = YES;
				CLANG_WARN_BOOL_CONVERSION = YES;
				CLANG_WARN_COMMA = YES;
				CLANG_WARN_CONSTANT_CONVERSION = YES;
				CLANG_WARN_DEPRECATED_OBJC_IMPLEMENTATIONS = YES;
				CLANG_WARN_DIRECT_OBJC_ISA_USAGE = YES_ERROR;
				CLANG_WARN_DOCUMENTATION_COMMENTS = YES;
				CLANG_WARN_EMPTY_BODY = YES;
				CLANG_WARN_ENUM_CONVERSION = YES;
				CLANG_WARN_INFINITE_RECURSION = YES;
				CLANG_WARN_INT_CONVERSION = YES;
				CLANG_WARN_NON_LITERAL_NULL_CONVERSION = YES;
				CLANG_WARN_OBJC_IMPLICIT_RETAIN_SELF = YES;
				CLANG_WARN_OBJC_LITERAL_CONVERSION = YES;
				CLANG_WARN_OBJC_ROOT_CLASS = YES_ERROR;
				CLANG_WARN_QUOTED_INCLUDE_IN_FRAMEWORK_HEADER = YES;
				CLANG_WARN_RANGE_LOOP_ANALYSIS = YES;
				CLANG_WARN_STRICT_PROTOTYPES = YES;
				CLANG_WARN_SUSPICIOUS_MOVE = YES;
				CLANG_WARN_UNGUARDED_AVAILABILITY = YES_AGGRESSIVE;
				CLANG_WARN_UNREACHABLE_CODE = YES;
				CLANG_WARN__DUPLICATE_METHOD_MATCH = YES;
				COPY_PHASE_STRIP = NO;
				DEBUG_INFORMATION_FORMAT = dwarf;
				ENABLE_STRICT_OBJC_MSGSEND = YES;
				ENABLE_TESTABILITY = YES;
				ENABLE_USER_SCRIPT_SANDBOXING = YES;
				GCC_C_LANGUAGE_STANDARD = gnu17;
				GCC_DYNAMIC_NO_PIC = NO;
				GCC_NO_COMMON_BLOCKS = YES;
				GCC_OPTIMIZATION_LEVEL = 0;
				GCC_PREPROCESSOR_DEFINITIONS = (
					"DEBUG=1",
					"$(inherited)",
				);
				GCC_WARN_64_TO_32_BIT_CONVERSION = YES;
				GCC_WARN_ABOUT_RETURN_TYPE = YES_ERROR;
				GCC_WARN_UNDECLARED_SELECTOR = YES;
				GCC_WARN_UNINITIALIZED_AUTOS = YES_AGGRESSIVE;
				GCC_WARN_UNUSED_FUNCTION = YES;
				GCC_WARN_UNUSED_VARIABLE = YES;
				IPHONEOS_DEPLOYMENT_TARGET = 18.2;
				LOCALIZATION_PREFERS_STRING_CATALOGS = YES;
				MTL_ENABLE_DEBUG_INFO = INCLUDE_SOURCE;
				MTL_FAST_MATH = YES;
				ONLY_ACTIVE_ARCH = YES;
				SDKROOT = iphoneos;
				SWIFT_ACTIVE_COMPILATION_CONDITIONS = "DEBUG $(inherited)";
				SWIFT_OPTIMIZATION_LEVEL = "-Onone";
			};
			name = Debug;
		};
		D7383D4B2D697AE600C6AD47 /* Release */ = {
			isa = XCBuildConfiguration;
			buildSettings = {
				ALWAYS_SEARCH_USER_PATHS = NO;
				ASSETCATALOG_COMPILER_GENERATE_SWIFT_ASSET_SYMBOL_EXTENSIONS = YES;
				CLANG_ANALYZER_NONNULL = YES;
				CLANG_ANALYZER_NUMBER_OBJECT_CONVERSION = YES_AGGRESSIVE;
				CLANG_CXX_LANGUAGE_STANDARD = "gnu++20";
				CLANG_ENABLE_MODULES = YES;
				CLANG_ENABLE_OBJC_ARC = YES;
				CLANG_ENABLE_OBJC_WEAK = YES;
				CLANG_WARN_BLOCK_CAPTURE_AUTORELEASING = YES;
				CLANG_WARN_BOOL_CONVERSION = YES;
				CLANG_WARN_COMMA = YES;
				CLANG_WARN_CONSTANT_CONVERSION = YES;
				CLANG_WARN_DEPRECATED_OBJC_IMPLEMENTATIONS = YES;
				CLANG_WARN_DIRECT_OBJC_ISA_USAGE = YES_ERROR;
				CLANG_WARN_DOCUMENTATION_COMMENTS = YES;
				CLANG_WARN_EMPTY_BODY = YES;
				CLANG_WARN_ENUM_CONVERSION = YES;
				CLANG_WARN_INFINITE_RECURSION = YES;
				CLANG_WARN_INT_CONVERSION = YES;
				CLANG_WARN_NON_LITERAL_NULL_CONVERSION = YES;
				CLANG_WARN_OBJC_IMPLICIT_RETAIN_SELF = YES;
				CLANG_WARN_OBJC_LITERAL_CONVERSION = YES;
				CLANG_WARN_OBJC_ROOT_CLASS = YES_ERROR;
				CLANG_WARN_QUOTED_INCLUDE_IN_FRAMEWORK_HEADER = YES;
				CLANG_WARN_RANGE_LOOP_ANALYSIS = YES;
				CLANG_WARN_STRICT_PROTOTYPES = YES;
				CLANG_WARN_SUSPICIOUS_MOVE = YES;
				CLANG_WARN_UNGUARDED_AVAILABILITY = YES_AGGRESSIVE;
				CLANG_WARN_UNREACHABLE_CODE = YES;
				CLANG_WARN__DUPLICATE_METHOD_MATCH = YES;
				COPY_PHASE_STRIP = NO;
				DEBUG_INFORMATION_FORMAT = "dwarf-with-dsym";
				ENABLE_NS_ASSERTIONS = NO;
				ENABLE_STRICT_OBJC_MSGSEND = YES;
				ENABLE_USER_SCRIPT_SANDBOXING = YES;
				GCC_C_LANGUAGE_STANDARD = gnu17;
				GCC_NO_COMMON_BLOCKS = YES;
				GCC_WARN_64_TO_32_BIT_CONVERSION = YES;
				GCC_WARN_ABOUT_RETURN_TYPE = YES_ERROR;
				GCC_WARN_UNDECLARED_SELECTOR = YES;
				GCC_WARN_UNINITIALIZED_AUTOS = YES_AGGRESSIVE;
				GCC_WARN_UNUSED_FUNCTION = YES;
				GCC_WARN_UNUSED_VARIABLE = YES;
				IPHONEOS_DEPLOYMENT_TARGET = 18.2;
				LOCALIZATION_PREFERS_STRING_CATALOGS = YES;
				MTL_ENABLE_DEBUG_INFO = NO;
				MTL_FAST_MATH = YES;
				SDKROOT = iphoneos;
				SWIFT_COMPILATION_MODE = wholemodule;
				VALIDATE_PRODUCT = YES;
			};
			name = Release;
		};
		D7383D4D2D697AE600C6AD47 /* Debug */ = {
			isa = XCBuildConfiguration;
			buildSettings = {
				ASSETCATALOG_COMPILER_APPICON_NAME = AppIcon;
				ASSETCATALOG_COMPILER_GLOBAL_ACCENT_COLOR_NAME = AccentColor;
				CODE_SIGN_STYLE = Automatic;
				CURRENT_PROJECT_VERSION = 1;
				DEVELOPMENT_ASSET_PATHS = "\"BoilerMatch/Preview Content\"";
				DEVELOPMENT_TEAM = Q647CM85T2;
				ENABLE_PREVIEWS = YES;
				GENERATE_INFOPLIST_FILE = YES;
				INFOPLIST_KEY_UIApplicationSceneManifest_Generation = YES;
				INFOPLIST_KEY_UIApplicationSupportsIndirectInputEvents = YES;
				INFOPLIST_KEY_UILaunchScreen_Generation = YES;
				INFOPLIST_KEY_UISupportedInterfaceOrientations_iPad = "UIInterfaceOrientationPortrait UIInterfaceOrientationPortraitUpsideDown UIInterfaceOrientationLandscapeLeft UIInterfaceOrientationLandscapeRight";
				INFOPLIST_KEY_UISupportedInterfaceOrientations_iPhone = "UIInterfaceOrientationPortrait UIInterfaceOrientationLandscapeLeft UIInterfaceOrientationLandscapeRight";
				LD_RUNPATH_SEARCH_PATHS = (
					"$(inherited)",
					"@executable_path/Frameworks",
				);
				MARKETING_VERSION = 1.0;
				PRODUCT_BUNDLE_IDENTIFIER = com.minutes.BoilerMatch;
				PRODUCT_NAME = "$(TARGET_NAME)";
				SWIFT_EMIT_LOC_STRINGS = YES;
				SWIFT_VERSION = 5.0;
				TARGETED_DEVICE_FAMILY = "1,2";
			};
			name = Debug;
		};
		D7383D4E2D697AE600C6AD47 /* Release */ = {
			isa = XCBuildConfiguration;
			buildSettings = {
				ASSETCATALOG_COMPILER_APPICON_NAME = AppIcon;
				ASSETCATALOG_COMPILER_GLOBAL_ACCENT_COLOR_NAME = AccentColor;
				CODE_SIGN_STYLE = Automatic;
				CURRENT_PROJECT_VERSION = 1;
				DEVELOPMENT_ASSET_PATHS = "\"BoilerMatch/Preview Content\"";
				DEVELOPMENT_TEAM = Q647CM85T2;
				ENABLE_PREVIEWS = YES;
				GENERATE_INFOPLIST_FILE = YES;
				INFOPLIST_KEY_UIApplicationSceneManifest_Generation = YES;
				INFOPLIST_KEY_UIApplicationSupportsIndirectInputEvents = YES;
				INFOPLIST_KEY_UILaunchScreen_Generation = YES;
				INFOPLIST_KEY_UISupportedInterfaceOrientations_iPad = "UIInterfaceOrientationPortrait UIInterfaceOrientationPortraitUpsideDown UIInterfaceOrientationLandscapeLeft UIInterfaceOrientationLandscapeRight";
				INFOPLIST_KEY_UISupportedInterfaceOrientations_iPhone = "UIInterfaceOrientationPortrait UIInterfaceOrientationLandscapeLeft UIInterfaceOrientationLandscapeRight";
				LD_RUNPATH_SEARCH_PATHS = (
					"$(inherited)",
					"@executable_path/Frameworks",
				);
				MARKETING_VERSION = 1.0;
				PRODUCT_BUNDLE_IDENTIFIER = com.minutes.BoilerMatch;
				PRODUCT_NAME = "$(TARGET_NAME)";
				SWIFT_EMIT_LOC_STRINGS = YES;
				SWIFT_VERSION = 5.0;
				TARGETED_DEVICE_FAMILY = "1,2";
			};
			name = Release;
		};
		D7383D502D697AE600C6AD47 /* Debug */ = {
			isa = XCBuildConfiguration;
			buildSettings = {
				BUNDLE_LOADER = "$(TEST_HOST)";
				CODE_SIGN_STYLE = Automatic;
				CURRENT_PROJECT_VERSION = 1;
				DEVELOPMENT_TEAM = Q647CM85T2;
				GENERATE_INFOPLIST_FILE = YES;
				IPHONEOS_DEPLOYMENT_TARGET = 18.2;
				MARKETING_VERSION = 1.0;
				PRODUCT_BUNDLE_IDENTIFIER = com.minutes.BoilerMatchTests;
				PRODUCT_NAME = "$(TARGET_NAME)";
				SWIFT_EMIT_LOC_STRINGS = NO;
				SWIFT_VERSION = 5.0;
				TARGETED_DEVICE_FAMILY = "1,2";
				TEST_HOST = "$(BUILT_PRODUCTS_DIR)/BoilerMatch.app/$(BUNDLE_EXECUTABLE_FOLDER_PATH)/BoilerMatch";
			};
			name = Debug;
		};
		D7383D512D697AE600C6AD47 /* Release */ = {
			isa = XCBuildConfiguration;
			buildSettings = {
				BUNDLE_LOADER = "$(TEST_HOST)";
				CODE_SIGN_STYLE = Automatic;
				CURRENT_PROJECT_VERSION = 1;
				DEVELOPMENT_TEAM = Q647CM85T2;
				GENERATE_INFOPLIST_FILE = YES;
				IPHONEOS_DEPLOYMENT_TARGET = 18.2;
				MARKETING_VERSION = 1.0;
				PRODUCT_BUNDLE_IDENTIFIER = com.minutes.BoilerMatchTests;
				PRODUCT_NAME = "$(TARGET_NAME)";
				SWIFT_EMIT_LOC_STRINGS = NO;
				SWIFT_VERSION = 5.0;
				TARGETED_DEVICE_FAMILY = "1,2";
				TEST_HOST = "$(BUILT_PRODUCTS_DIR)/BoilerMatch.app/$(BUNDLE_EXECUTABLE_FOLDER_PATH)/BoilerMatch";
			};
			name = Release;
		};
		D7383D532D697AE600C6AD47 /* Debug */ = {
			isa = XCBuildConfiguration;
			buildSettings = {
				CODE_SIGN_STYLE = Automatic;
				CURRENT_PROJECT_VERSION = 1;
				DEVELOPMENT_TEAM = Q647CM85T2;
				GENERATE_INFOPLIST_FILE = YES;
				MARKETING_VERSION = 1.0;
				PRODUCT_BUNDLE_IDENTIFIER = com.minutes.BoilerMatchUITests;
				PRODUCT_NAME = "$(TARGET_NAME)";
				SWIFT_EMIT_LOC_STRINGS = NO;
				SWIFT_VERSION = 5.0;
				TARGETED_DEVICE_FAMILY = "1,2";
				TEST_TARGET_NAME = BoilerMatch;
			};
			name = Debug;
		};
		D7383D542D697AE600C6AD47 /* Release */ = {
			isa = XCBuildConfiguration;
			buildSettings = {
				CODE_SIGN_STYLE = Automatic;
				CURRENT_PROJECT_VERSION = 1;
				DEVELOPMENT_TEAM = Q647CM85T2;
				GENERATE_INFOPLIST_FILE = YES;
				MARKETING_VERSION = 1.0;
				PRODUCT_BUNDLE_IDENTIFIER = com.minutes.BoilerMatchUITests;
				PRODUCT_NAME = "$(TARGET_NAME)";
				SWIFT_EMIT_LOC_STRINGS = NO;
				SWIFT_VERSION = 5.0;
				TARGETED_DEVICE_FAMILY = "1,2";
				TEST_TARGET_NAME = BoilerMatch;
			};
			name = Release;
		};
/* End XCBuildConfiguration section */

/* Begin XCConfigurationList section */
		D7383D1E2D697AE400C6AD47 /* Build configuration list for PBXProject "BoilerMatch" */ = {
			isa = XCConfigurationList;
			buildConfigurations = (
				D7383D4A2D697AE600C6AD47 /* Debug */,
				D7383D4B2D697AE600C6AD47 /* Release */,
			);
			defaultConfigurationIsVisible = 0;
			defaultConfigurationName = Release;
		};
		D7383D4C2D697AE600C6AD47 /* Build configuration list for PBXNativeTarget "BoilerMatch" */ = {
			isa = XCConfigurationList;
			buildConfigurations = (
				D7383D4D2D697AE600C6AD47 /* Debug */,
				D7383D4E2D697AE600C6AD47 /* Release */,
			);
			defaultConfigurationIsVisible = 0;
			defaultConfigurationName = Release;
		};
		D7383D4F2D697AE600C6AD47 /* Build configuration list for PBXNativeTarget "BoilerMatchTests" */ = {
			isa = XCConfigurationList;
			buildConfigurations = (
				D7383D502D697AE600C6AD47 /* Debug */,
				D7383D512D697AE600C6AD47 /* Release */,
			);
			defaultConfigurationIsVisible = 0;
			defaultConfigurationName = Release;
		};
		D7383D522D697AE600C6AD47 /* Build configuration list for PBXNativeTarget "BoilerMatchUITests" */ = {
			isa = XCConfigurationList;
			buildConfigurations = (
				D7383D532D697AE600C6AD47 /* Debug */,
				D7383D542D697AE600C6AD47 /* Release */,
			);
			defaultConfigurationIsVisible = 0;
			defaultConfigurationName = Release;
		};
/* End XCConfigurationList section */
	};
	rootObject = D7383D1B2D697AE400C6AD47 /* Project object */;
}
